{
  "originHash" : "9488c4536f43f873cb25e7700535389c78cdf17aa932ce38dbe6d0cf38d02997",
  "pins" : [
    {
      "identity" : "clopsdk",
      "kind" : "remoteSourceControl",
      "location" : "https://github.com/FuzzyIdeas/ClopSDK.git",
      "state" : {
        "revision" : "ccf4703690952671d5e2140fa029d00d4e81a854",
        "version" : "1.1.2"
      }
    },
    {
      "identity" : "factory",
      "kind" : "remoteSourceControl",
      "location" : "https://github.com/hmlongco/Factory",
      "state" : {
        "revision" : "ccc898f21992ebc130bc04cc197460a5ae230bcf",
        "version" : "2.5.3"
      }
    },
    {
      "identity" : "tuskit",
      "kind" : "remoteSourceControl",
      "location" : "https://github.com/tus/TUSKit.git",
      "state" : {
        "revision" : "55556412c89ab1dc35a84b8ccbc61e339c8b40fc",
        "version" : "3.5.0"
      }
    }
  ],
  "version" : 3
}
