{
  "originHash" : "bc4332341e5a5ccf72e2449c6b4884154c589329858a3911a0b28c86cbaa15e0",
  "pins" : [
    {
      "identity" : "clopsdk",
      "kind" : "remoteSourceControl",
      "location" : "https://github.com/FuzzyIdeas/ClopSDK.git",
      "state" : {
        "revision" : "ccf4703690952671d5e2140fa029d00d4e81a854",
        "version" : "1.1.2"
      }
    },
    {
      "identity" : "factory",
      "kind" : "remoteSourceControl",
      "location" : "https://github.com/hmlongco/Factory",
      "state" : {
        "revision" : "ccc898f21992ebc130bc04cc197460a5ae230bcf",
        "version" : "2.5.3"
      }
    }
  ],
  "version" : 3
}
